
Microsoft Visual Studio Solution File, Format Version 12.00
# Visual Studio Version 17
VisualStudioVersion = 17.3.32929.385
MinimumVisualStudioVersion = 10.0.40219.1
Project("{888888A0-9F3D-457C-B088-3A5042F75D52}") = "AI Project 1", "AI Project 1.pyproj", "{6FF28F90-49C1-4777-AFFE-B4528BA9F56E}"
EndProject
Global
	GlobalSection(SolutionConfigurationPlatforms) = preSolution
		Debug|Any CPU = Debug|Any CPU
		Release|Any CPU = Release|Any CPU
	EndGlobalSection
	GlobalSection(ProjectConfigurationPlatforms) = postSolution
		{6FF28F90-49C1-4777-AFFE-B4528BA9F56E}.Debug|Any CPU.ActiveCfg = Debug|Any CPU
		{6FF28F90-49C1-4777-AFFE-B4528BA9F56E}.Release|Any CPU.ActiveCfg = Release|Any CPU
	EndGlobalSection
	GlobalSection(SolutionProperties) = preSolution
		HideSolutionNode = FALSE
	EndGlobalSection
	GlobalSection(ExtensibilityGlobals) = postSolution
		SolutionGuid = {ED50C0D6-4321-4376-B02E-F164A94BB6E9}
	EndGlobalSection
EndGlobal
